# THIS IS AN AUTOGENERATED FILE. DO NOT EDIT THIS FILE DIRECTLY.
# yarn lockfile v1


"unique-random-array@2.0.0":
  "integrity" "sha512-xR87O95fZ7hljw84J8r1YDXrvffPLWN513BNOP4Bv0KcgG5dyEUrHwsvP7mVAOKg4Y80uqRbpUk0GKr8il70qg=="
  "resolved" "https://registry.npmjs.org/unique-random-array/-/unique-random-array-2.0.0.tgz"
  "version" "2.0.0"
  dependencies:
    "unique-random" "^2.1.0"

"unique-random@^2.1.0":
  "integrity" "sha512-iQ1ZgWac3b8YxGThecQFRQiqgk6xFERRwHZIWeVVsqlbmgCRl0PY13R4mUkodNgctmg5b5odG1nyW/IbOxQTqg=="
  "resolved" "https://registry.npmjs.org/unique-random/-/unique-random-2.1.0.tgz"
  "version" "2.1.0"
